
Microsoft Visual Studio Solution File, Format Version 12.00
# Visual Studio Version 17
VisualStudioVersion = 17.10.34928.147
MinimumVisualStudioVersion = 10.0.40219.1
Project("{FAE04EC0-301F-11D3-BF4B-00C04F79EFBC}") = "GeradorDeQrCode", "GeradorDeQrCode\GeradorDeQrCode.csproj", "{6E10C5D1-CAF8-43DF-86E7-CE41BA4F9E98}"
EndProject
Global
	GlobalSection(SolutionConfigurationPlatforms) = preSolution
		Debug|Any CPU = Debug|Any CPU
		Release|Any CPU = Release|Any CPU
	EndGlobalSection
	GlobalSection(ProjectConfigurationPlatforms) = postSolution
		{6E10C5D1-CAF8-43DF-86E7-CE41BA4F9E98}.Debug|Any CPU.ActiveCfg = Debug|Any CPU
		{6E10C5D1-CAF8-43DF-86E7-CE41BA4F9E98}.Debug|Any CPU.Build.0 = Debug|Any CPU
		{6E10C5D1-CAF8-43DF-86E7-CE41BA4F9E98}.Release|Any CPU.ActiveCfg = Release|Any CPU
		{6E10C5D1-CAF8-43DF-86E7-CE41BA4F9E98}.Release|Any CPU.Build.0 = Release|Any CPU
	EndGlobalSection
	GlobalSection(SolutionProperties) = preSolution
		HideSolutionNode = FALSE
	EndGlobalSection
	GlobalSection(ExtensibilityGlobals) = postSolution
		SolutionGuid = {EDE1CC3B-9B8D-4EBB-86B2-8BFD8567D5A0}
	EndGlobalSection
EndGlobal
